<?xml version="1.0" encoding="UTF-8"?>
<Project ToolsVersion="14.0" xmlns="http://schemas.microsoft.com/developer/msbuild/2003">
  <ItemGroup>
    <ClCompile Include="C:\Users\ajcra\Desktop\NGCP\CommProtocol\unit\visionary\test.cc">
      <Filter>Source Files</Filter>
    </ClCompile>
  </ItemGroup>
  <ItemGroup>
    <ClInclude Include="C:\Users\ajcra\Desktop\NGCP\CommProtocol\unit\visionary\test.h">
      <Filter>Header Files</Filter>
    </ClInclude>
  </ItemGroup>
  <ItemGroup>
    <CustomBuild Include="C:\Users\ajcra\Desktop\NGCP\CommProtocol\unit\CMakeLists.txt" />
  </ItemGroup>
  <ItemGroup>
    <Filter Include="Source Files">
      <UniqueIdentifier>{9025483B-DFDB-3A9A-A7AE-2F57646024D8}</UniqueIdentifier>
    </Filter>
    <Filter Include="Header Files">
      <UniqueIdentifier>{3903814F-8C7B-3844-B466-5622B3E935FB}</UniqueIdentifier>
    </Filter>
  </ItemGroup>
</Project>
