<?xml version="1.0" encoding="UTF-8"?>
<Project ToolsVersion="14.0" xmlns="http://schemas.microsoft.com/developer/msbuild/2003">
  <ItemGroup>
    <CustomBuild Include="C:\Users\ajcra\Desktop\NGCP\CommProtocol\Encryption\cryptopp563\CMakeLists.txt" />
  </ItemGroup>
  <ItemGroup>
    <Object Include="C:\Users\ajcra\Desktop\NGCP\CommProtocol\Encryption\cryptopp563\cryptopp-object.dir\$(Configuration)\cryptlib.obj">
      <Filter>Object Libraries</Filter>
    </Object>
    <Object Include="C:\Users\ajcra\Desktop\NGCP\CommProtocol\Encryption\cryptopp563\cryptopp-object.dir\$(Configuration)\cpu.obj">
      <Filter>Object Libraries</Filter>
    </Object>
    <Object Include="C:\Users\ajcra\Desktop\NGCP\CommProtocol\Encryption\cryptopp563\cryptopp-object.dir\$(Configuration)\3way.obj">
      <Filter>Object Libraries</Filter>
    </Object>
    <Object Include="C:\Users\ajcra\Desktop\NGCP\CommProtocol\Encryption\cryptopp563\cryptopp-object.dir\$(Configuration)\adler32.obj">
      <Filter>Object Libraries</Filter>
    </Object>
    <Object Include="C:\Users\ajcra\Desktop\NGCP\CommProtocol\Encryption\cryptopp563\cryptopp-object.dir\$(Configuration)\algebra.obj">
      <Filter>Object Libraries</Filter>
    </Object>
    <Object Include="C:\Users\ajcra\Desktop\NGCP\CommProtocol\Encryption\cryptopp563\cryptopp-object.dir\$(Configuration)\algparam.obj">
      <Filter>Object Libraries</Filter>
    </Object>
    <Object Include="C:\Users\ajcra\Desktop\NGCP\CommProtocol\Encryption\cryptopp563\cryptopp-object.dir\$(Configuration)\arc4.obj">
      <Filter>Object Libraries</Filter>
    </Object>
    <Object Include="C:\Users\ajcra\Desktop\NGCP\CommProtocol\Encryption\cryptopp563\cryptopp-object.dir\$(Configuration)\asn.obj">
      <Filter>Object Libraries</Filter>
    </Object>
    <Object Include="C:\Users\ajcra\Desktop\NGCP\CommProtocol\Encryption\cryptopp563\cryptopp-object.dir\$(Configuration)\authenc.obj">
      <Filter>Object Libraries</Filter>
    </Object>
    <Object Include="C:\Users\ajcra\Desktop\NGCP\CommProtocol\Encryption\cryptopp563\cryptopp-object.dir\$(Configuration)\base32.obj">
      <Filter>Object Libraries</Filter>
    </Object>
    <Object Include="C:\Users\ajcra\Desktop\NGCP\CommProtocol\Encryption\cryptopp563\cryptopp-object.dir\$(Configuration)\base64.obj">
      <Filter>Object Libraries</Filter>
    </Object>
    <Object Include="C:\Users\ajcra\Desktop\NGCP\CommProtocol\Encryption\cryptopp563\cryptopp-object.dir\$(Configuration)\basecode.obj">
      <Filter>Object Libraries</Filter>
    </Object>
    <Object Include="C:\Users\ajcra\Desktop\NGCP\CommProtocol\Encryption\cryptopp563\cryptopp-object.dir\$(Configuration)\bfinit.obj">
      <Filter>Object Libraries</Filter>
    </Object>
    <Object Include="C:\Users\ajcra\Desktop\NGCP\CommProtocol\Encryption\cryptopp563\cryptopp-object.dir\$(Configuration)\blowfish.obj">
      <Filter>Object Libraries</Filter>
    </Object>
    <Object Include="C:\Users\ajcra\Desktop\NGCP\CommProtocol\Encryption\cryptopp563\cryptopp-object.dir\$(Configuration)\blumshub.obj">
      <Filter>Object Libraries</Filter>
    </Object>
    <Object Include="C:\Users\ajcra\Desktop\NGCP\CommProtocol\Encryption\cryptopp563\cryptopp-object.dir\$(Configuration)\camellia.obj">
      <Filter>Object Libraries</Filter>
    </Object>
    <Object Include="C:\Users\ajcra\Desktop\NGCP\CommProtocol\Encryption\cryptopp563\cryptopp-object.dir\$(Configuration)\cast.obj">
      <Filter>Object Libraries</Filter>
    </Object>
    <Object Include="C:\Users\ajcra\Desktop\NGCP\CommProtocol\Encryption\cryptopp563\cryptopp-object.dir\$(Configuration)\casts.obj">
      <Filter>Object Libraries</Filter>
    </Object>
    <Object Include="C:\Users\ajcra\Desktop\NGCP\CommProtocol\Encryption\cryptopp563\cryptopp-object.dir\$(Configuration)\cbcmac.obj">
      <Filter>Object Libraries</Filter>
    </Object>
    <Object Include="C:\Users\ajcra\Desktop\NGCP\CommProtocol\Encryption\cryptopp563\cryptopp-object.dir\$(Configuration)\ccm.obj">
      <Filter>Object Libraries</Filter>
    </Object>
    <Object Include="C:\Users\ajcra\Desktop\NGCP\CommProtocol\Encryption\cryptopp563\cryptopp-object.dir\$(Configuration)\channels.obj">
      <Filter>Object Libraries</Filter>
    </Object>
    <Object Include="C:\Users\ajcra\Desktop\NGCP\CommProtocol\Encryption\cryptopp563\cryptopp-object.dir\$(Configuration)\cmac.obj">
      <Filter>Object Libraries</Filter>
    </Object>
    <Object Include="C:\Users\ajcra\Desktop\NGCP\CommProtocol\Encryption\cryptopp563\cryptopp-object.dir\$(Configuration)\crc.obj">
      <Filter>Object Libraries</Filter>
    </Object>
    <Object Include="C:\Users\ajcra\Desktop\NGCP\CommProtocol\Encryption\cryptopp563\cryptopp-object.dir\$(Configuration)\default.obj">
      <Filter>Object Libraries</Filter>
    </Object>
    <Object Include="C:\Users\ajcra\Desktop\NGCP\CommProtocol\Encryption\cryptopp563\cryptopp-object.dir\$(Configuration)\des.obj">
      <Filter>Object Libraries</Filter>
    </Object>
    <Object Include="C:\Users\ajcra\Desktop\NGCP\CommProtocol\Encryption\cryptopp563\cryptopp-object.dir\$(Configuration)\dessp.obj">
      <Filter>Object Libraries</Filter>
    </Object>
    <Object Include="C:\Users\ajcra\Desktop\NGCP\CommProtocol\Encryption\cryptopp563\cryptopp-object.dir\$(Configuration)\dh.obj">
      <Filter>Object Libraries</Filter>
    </Object>
    <Object Include="C:\Users\ajcra\Desktop\NGCP\CommProtocol\Encryption\cryptopp563\cryptopp-object.dir\$(Configuration)\dh2.obj">
      <Filter>Object Libraries</Filter>
    </Object>
    <Object Include="C:\Users\ajcra\Desktop\NGCP\CommProtocol\Encryption\cryptopp563\cryptopp-object.dir\$(Configuration)\dll.obj">
      <Filter>Object Libraries</Filter>
    </Object>
    <Object Include="C:\Users\ajcra\Desktop\NGCP\CommProtocol\Encryption\cryptopp563\cryptopp-object.dir\$(Configuration)\dsa.obj">
      <Filter>Object Libraries</Filter>
    </Object>
    <Object Include="C:\Users\ajcra\Desktop\NGCP\CommProtocol\Encryption\cryptopp563\cryptopp-object.dir\$(Configuration)\eax.obj">
      <Filter>Object Libraries</Filter>
    </Object>
    <Object Include="C:\Users\ajcra\Desktop\NGCP\CommProtocol\Encryption\cryptopp563\cryptopp-object.dir\$(Configuration)\ec2n.obj">
      <Filter>Object Libraries</Filter>
    </Object>
    <Object Include="C:\Users\ajcra\Desktop\NGCP\CommProtocol\Encryption\cryptopp563\cryptopp-object.dir\$(Configuration)\eccrypto.obj">
      <Filter>Object Libraries</Filter>
    </Object>
    <Object Include="C:\Users\ajcra\Desktop\NGCP\CommProtocol\Encryption\cryptopp563\cryptopp-object.dir\$(Configuration)\ecp.obj">
      <Filter>Object Libraries</Filter>
    </Object>
    <Object Include="C:\Users\ajcra\Desktop\NGCP\CommProtocol\Encryption\cryptopp563\cryptopp-object.dir\$(Configuration)\elgamal.obj">
      <Filter>Object Libraries</Filter>
    </Object>
    <Object Include="C:\Users\ajcra\Desktop\NGCP\CommProtocol\Encryption\cryptopp563\cryptopp-object.dir\$(Configuration)\emsa2.obj">
      <Filter>Object Libraries</Filter>
    </Object>
    <Object Include="C:\Users\ajcra\Desktop\NGCP\CommProtocol\Encryption\cryptopp563\cryptopp-object.dir\$(Configuration)\eprecomp.obj">
      <Filter>Object Libraries</Filter>
    </Object>
    <Object Include="C:\Users\ajcra\Desktop\NGCP\CommProtocol\Encryption\cryptopp563\cryptopp-object.dir\$(Configuration)\esign.obj">
      <Filter>Object Libraries</Filter>
    </Object>
    <Object Include="C:\Users\ajcra\Desktop\NGCP\CommProtocol\Encryption\cryptopp563\cryptopp-object.dir\$(Configuration)\files.obj">
      <Filter>Object Libraries</Filter>
    </Object>
    <Object Include="C:\Users\ajcra\Desktop\NGCP\CommProtocol\Encryption\cryptopp563\cryptopp-object.dir\$(Configuration)\filters.obj">
      <Filter>Object Libraries</Filter>
    </Object>
    <Object Include="C:\Users\ajcra\Desktop\NGCP\CommProtocol\Encryption\cryptopp563\cryptopp-object.dir\$(Configuration)\fips140.obj">
      <Filter>Object Libraries</Filter>
    </Object>
    <Object Include="C:\Users\ajcra\Desktop\NGCP\CommProtocol\Encryption\cryptopp563\cryptopp-object.dir\$(Configuration)\gcm.obj">
      <Filter>Object Libraries</Filter>
    </Object>
    <Object Include="C:\Users\ajcra\Desktop\NGCP\CommProtocol\Encryption\cryptopp563\cryptopp-object.dir\$(Configuration)\gf256.obj">
      <Filter>Object Libraries</Filter>
    </Object>
    <Object Include="C:\Users\ajcra\Desktop\NGCP\CommProtocol\Encryption\cryptopp563\cryptopp-object.dir\$(Configuration)\gf2_32.obj">
      <Filter>Object Libraries</Filter>
    </Object>
    <Object Include="C:\Users\ajcra\Desktop\NGCP\CommProtocol\Encryption\cryptopp563\cryptopp-object.dir\$(Configuration)\gf2n.obj">
      <Filter>Object Libraries</Filter>
    </Object>
    <Object Include="C:\Users\ajcra\Desktop\NGCP\CommProtocol\Encryption\cryptopp563\cryptopp-object.dir\$(Configuration)\gfpcrypt.obj">
      <Filter>Object Libraries</Filter>
    </Object>
    <Object Include="C:\Users\ajcra\Desktop\NGCP\CommProtocol\Encryption\cryptopp563\cryptopp-object.dir\$(Configuration)\gost.obj">
      <Filter>Object Libraries</Filter>
    </Object>
    <Object Include="C:\Users\ajcra\Desktop\NGCP\CommProtocol\Encryption\cryptopp563\cryptopp-object.dir\$(Configuration)\gzip.obj">
      <Filter>Object Libraries</Filter>
    </Object>
    <Object Include="C:\Users\ajcra\Desktop\NGCP\CommProtocol\Encryption\cryptopp563\cryptopp-object.dir\$(Configuration)\hex.obj">
      <Filter>Object Libraries</Filter>
    </Object>
    <Object Include="C:\Users\ajcra\Desktop\NGCP\CommProtocol\Encryption\cryptopp563\cryptopp-object.dir\$(Configuration)\hmac.obj">
      <Filter>Object Libraries</Filter>
    </Object>
    <Object Include="C:\Users\ajcra\Desktop\NGCP\CommProtocol\Encryption\cryptopp563\cryptopp-object.dir\$(Configuration)\hrtimer.obj">
      <Filter>Object Libraries</Filter>
    </Object>
    <Object Include="C:\Users\ajcra\Desktop\NGCP\CommProtocol\Encryption\cryptopp563\cryptopp-object.dir\$(Configuration)\ida.obj">
      <Filter>Object Libraries</Filter>
    </Object>
    <Object Include="C:\Users\ajcra\Desktop\NGCP\CommProtocol\Encryption\cryptopp563\cryptopp-object.dir\$(Configuration)\idea.obj">
      <Filter>Object Libraries</Filter>
    </Object>
    <Object Include="C:\Users\ajcra\Desktop\NGCP\CommProtocol\Encryption\cryptopp563\cryptopp-object.dir\$(Configuration)\integer.obj">
      <Filter>Object Libraries</Filter>
    </Object>
    <Object Include="C:\Users\ajcra\Desktop\NGCP\CommProtocol\Encryption\cryptopp563\cryptopp-object.dir\$(Configuration)\iterhash.obj">
      <Filter>Object Libraries</Filter>
    </Object>
    <Object Include="C:\Users\ajcra\Desktop\NGCP\CommProtocol\Encryption\cryptopp563\cryptopp-object.dir\$(Configuration)\luc.obj">
      <Filter>Object Libraries</Filter>
    </Object>
    <Object Include="C:\Users\ajcra\Desktop\NGCP\CommProtocol\Encryption\cryptopp563\cryptopp-object.dir\$(Configuration)\mars.obj">
      <Filter>Object Libraries</Filter>
    </Object>
    <Object Include="C:\Users\ajcra\Desktop\NGCP\CommProtocol\Encryption\cryptopp563\cryptopp-object.dir\$(Configuration)\marss.obj">
      <Filter>Object Libraries</Filter>
    </Object>
    <Object Include="C:\Users\ajcra\Desktop\NGCP\CommProtocol\Encryption\cryptopp563\cryptopp-object.dir\$(Configuration)\md2.obj">
      <Filter>Object Libraries</Filter>
    </Object>
    <Object Include="C:\Users\ajcra\Desktop\NGCP\CommProtocol\Encryption\cryptopp563\cryptopp-object.dir\$(Configuration)\md4.obj">
      <Filter>Object Libraries</Filter>
    </Object>
    <Object Include="C:\Users\ajcra\Desktop\NGCP\CommProtocol\Encryption\cryptopp563\cryptopp-object.dir\$(Configuration)\md5.obj">
      <Filter>Object Libraries</Filter>
    </Object>
    <Object Include="C:\Users\ajcra\Desktop\NGCP\CommProtocol\Encryption\cryptopp563\cryptopp-object.dir\$(Configuration)\misc.obj">
      <Filter>Object Libraries</Filter>
    </Object>
    <Object Include="C:\Users\ajcra\Desktop\NGCP\CommProtocol\Encryption\cryptopp563\cryptopp-object.dir\$(Configuration)\modes.obj">
      <Filter>Object Libraries</Filter>
    </Object>
    <Object Include="C:\Users\ajcra\Desktop\NGCP\CommProtocol\Encryption\cryptopp563\cryptopp-object.dir\$(Configuration)\mqueue.obj">
      <Filter>Object Libraries</Filter>
    </Object>
    <Object Include="C:\Users\ajcra\Desktop\NGCP\CommProtocol\Encryption\cryptopp563\cryptopp-object.dir\$(Configuration)\mqv.obj">
      <Filter>Object Libraries</Filter>
    </Object>
    <Object Include="C:\Users\ajcra\Desktop\NGCP\CommProtocol\Encryption\cryptopp563\cryptopp-object.dir\$(Configuration)\nbtheory.obj">
      <Filter>Object Libraries</Filter>
    </Object>
    <Object Include="C:\Users\ajcra\Desktop\NGCP\CommProtocol\Encryption\cryptopp563\cryptopp-object.dir\$(Configuration)\network.obj">
      <Filter>Object Libraries</Filter>
    </Object>
    <Object Include="C:\Users\ajcra\Desktop\NGCP\CommProtocol\Encryption\cryptopp563\cryptopp-object.dir\$(Configuration)\oaep.obj">
      <Filter>Object Libraries</Filter>
    </Object>
    <Object Include="C:\Users\ajcra\Desktop\NGCP\CommProtocol\Encryption\cryptopp563\cryptopp-object.dir\$(Configuration)\osrng.obj">
      <Filter>Object Libraries</Filter>
    </Object>
    <Object Include="C:\Users\ajcra\Desktop\NGCP\CommProtocol\Encryption\cryptopp563\cryptopp-object.dir\$(Configuration)\panama.obj">
      <Filter>Object Libraries</Filter>
    </Object>
    <Object Include="C:\Users\ajcra\Desktop\NGCP\CommProtocol\Encryption\cryptopp563\cryptopp-object.dir\$(Configuration)\pkcspad.obj">
      <Filter>Object Libraries</Filter>
    </Object>
    <Object Include="C:\Users\ajcra\Desktop\NGCP\CommProtocol\Encryption\cryptopp563\cryptopp-object.dir\$(Configuration)\polynomi.obj">
      <Filter>Object Libraries</Filter>
    </Object>
    <Object Include="C:\Users\ajcra\Desktop\NGCP\CommProtocol\Encryption\cryptopp563\cryptopp-object.dir\$(Configuration)\pssr.obj">
      <Filter>Object Libraries</Filter>
    </Object>
    <Object Include="C:\Users\ajcra\Desktop\NGCP\CommProtocol\Encryption\cryptopp563\cryptopp-object.dir\$(Configuration)\pubkey.obj">
      <Filter>Object Libraries</Filter>
    </Object>
    <Object Include="C:\Users\ajcra\Desktop\NGCP\CommProtocol\Encryption\cryptopp563\cryptopp-object.dir\$(Configuration)\queue.obj">
      <Filter>Object Libraries</Filter>
    </Object>
    <Object Include="C:\Users\ajcra\Desktop\NGCP\CommProtocol\Encryption\cryptopp563\cryptopp-object.dir\$(Configuration)\rabin.obj">
      <Filter>Object Libraries</Filter>
    </Object>
    <Object Include="C:\Users\ajcra\Desktop\NGCP\CommProtocol\Encryption\cryptopp563\cryptopp-object.dir\$(Configuration)\randpool.obj">
      <Filter>Object Libraries</Filter>
    </Object>
    <Object Include="C:\Users\ajcra\Desktop\NGCP\CommProtocol\Encryption\cryptopp563\cryptopp-object.dir\$(Configuration)\rc2.obj">
      <Filter>Object Libraries</Filter>
    </Object>
    <Object Include="C:\Users\ajcra\Desktop\NGCP\CommProtocol\Encryption\cryptopp563\cryptopp-object.dir\$(Configuration)\rc5.obj">
      <Filter>Object Libraries</Filter>
    </Object>
    <Object Include="C:\Users\ajcra\Desktop\NGCP\CommProtocol\Encryption\cryptopp563\cryptopp-object.dir\$(Configuration)\rc6.obj">
      <Filter>Object Libraries</Filter>
    </Object>
    <Object Include="C:\Users\ajcra\Desktop\NGCP\CommProtocol\Encryption\cryptopp563\cryptopp-object.dir\$(Configuration)\rdrand.cpp.obj">
      <Filter>Object Libraries</Filter>
    </Object>
    <Object Include="C:\Users\ajcra\Desktop\NGCP\CommProtocol\Encryption\cryptopp563\cryptopp-object.dir\$(Configuration)\rdtables.obj">
      <Filter>Object Libraries</Filter>
    </Object>
    <Object Include="C:\Users\ajcra\Desktop\NGCP\CommProtocol\Encryption\cryptopp563\cryptopp-object.dir\$(Configuration)\rijndael.obj">
      <Filter>Object Libraries</Filter>
    </Object>
    <Object Include="C:\Users\ajcra\Desktop\NGCP\CommProtocol\Encryption\cryptopp563\cryptopp-object.dir\$(Configuration)\ripemd.obj">
      <Filter>Object Libraries</Filter>
    </Object>
    <Object Include="C:\Users\ajcra\Desktop\NGCP\CommProtocol\Encryption\cryptopp563\cryptopp-object.dir\$(Configuration)\rng.obj">
      <Filter>Object Libraries</Filter>
    </Object>
    <Object Include="C:\Users\ajcra\Desktop\NGCP\CommProtocol\Encryption\cryptopp563\cryptopp-object.dir\$(Configuration)\rsa.obj">
      <Filter>Object Libraries</Filter>
    </Object>
    <Object Include="C:\Users\ajcra\Desktop\NGCP\CommProtocol\Encryption\cryptopp563\cryptopp-object.dir\$(Configuration)\rw.obj">
      <Filter>Object Libraries</Filter>
    </Object>
    <Object Include="C:\Users\ajcra\Desktop\NGCP\CommProtocol\Encryption\cryptopp563\cryptopp-object.dir\$(Configuration)\safer.obj">
      <Filter>Object Libraries</Filter>
    </Object>
    <Object Include="C:\Users\ajcra\Desktop\NGCP\CommProtocol\Encryption\cryptopp563\cryptopp-object.dir\$(Configuration)\salsa.obj">
      <Filter>Object Libraries</Filter>
    </Object>
    <Object Include="C:\Users\ajcra\Desktop\NGCP\CommProtocol\Encryption\cryptopp563\cryptopp-object.dir\$(Configuration)\seal.obj">
      <Filter>Object Libraries</Filter>
    </Object>
    <Object Include="C:\Users\ajcra\Desktop\NGCP\CommProtocol\Encryption\cryptopp563\cryptopp-object.dir\$(Configuration)\seed.obj">
      <Filter>Object Libraries</Filter>
    </Object>
    <Object Include="C:\Users\ajcra\Desktop\NGCP\CommProtocol\Encryption\cryptopp563\cryptopp-object.dir\$(Configuration)\serpent.obj">
      <Filter>Object Libraries</Filter>
    </Object>
    <Object Include="C:\Users\ajcra\Desktop\NGCP\CommProtocol\Encryption\cryptopp563\cryptopp-object.dir\$(Configuration)\sha.obj">
      <Filter>Object Libraries</Filter>
    </Object>
    <Object Include="C:\Users\ajcra\Desktop\NGCP\CommProtocol\Encryption\cryptopp563\cryptopp-object.dir\$(Configuration)\sha3.obj">
      <Filter>Object Libraries</Filter>
    </Object>
    <Object Include="C:\Users\ajcra\Desktop\NGCP\CommProtocol\Encryption\cryptopp563\cryptopp-object.dir\$(Configuration)\shacal2.obj">
      <Filter>Object Libraries</Filter>
    </Object>
    <Object Include="C:\Users\ajcra\Desktop\NGCP\CommProtocol\Encryption\cryptopp563\cryptopp-object.dir\$(Configuration)\shark.obj">
      <Filter>Object Libraries</Filter>
    </Object>
    <Object Include="C:\Users\ajcra\Desktop\NGCP\CommProtocol\Encryption\cryptopp563\cryptopp-object.dir\$(Configuration)\sharkbox.obj">
      <Filter>Object Libraries</Filter>
    </Object>
    <Object Include="C:\Users\ajcra\Desktop\NGCP\CommProtocol\Encryption\cryptopp563\cryptopp-object.dir\$(Configuration)\skipjack.obj">
      <Filter>Object Libraries</Filter>
    </Object>
    <Object Include="C:\Users\ajcra\Desktop\NGCP\CommProtocol\Encryption\cryptopp563\cryptopp-object.dir\$(Configuration)\socketft.obj">
      <Filter>Object Libraries</Filter>
    </Object>
    <Object Include="C:\Users\ajcra\Desktop\NGCP\CommProtocol\Encryption\cryptopp563\cryptopp-object.dir\$(Configuration)\sosemanuk.obj">
      <Filter>Object Libraries</Filter>
    </Object>
    <Object Include="C:\Users\ajcra\Desktop\NGCP\CommProtocol\Encryption\cryptopp563\cryptopp-object.dir\$(Configuration)\square.obj">
      <Filter>Object Libraries</Filter>
    </Object>
    <Object Include="C:\Users\ajcra\Desktop\NGCP\CommProtocol\Encryption\cryptopp563\cryptopp-object.dir\$(Configuration)\squaretb.obj">
      <Filter>Object Libraries</Filter>
    </Object>
    <Object Include="C:\Users\ajcra\Desktop\NGCP\CommProtocol\Encryption\cryptopp563\cryptopp-object.dir\$(Configuration)\strciphr.obj">
      <Filter>Object Libraries</Filter>
    </Object>
    <Object Include="C:\Users\ajcra\Desktop\NGCP\CommProtocol\Encryption\cryptopp563\cryptopp-object.dir\$(Configuration)\tea.obj">
      <Filter>Object Libraries</Filter>
    </Object>
    <Object Include="C:\Users\ajcra\Desktop\NGCP\CommProtocol\Encryption\cryptopp563\cryptopp-object.dir\$(Configuration)\tftables.obj">
      <Filter>Object Libraries</Filter>
    </Object>
    <Object Include="C:\Users\ajcra\Desktop\NGCP\CommProtocol\Encryption\cryptopp563\cryptopp-object.dir\$(Configuration)\tiger.obj">
      <Filter>Object Libraries</Filter>
    </Object>
    <Object Include="C:\Users\ajcra\Desktop\NGCP\CommProtocol\Encryption\cryptopp563\cryptopp-object.dir\$(Configuration)\tigertab.obj">
      <Filter>Object Libraries</Filter>
    </Object>
    <Object Include="C:\Users\ajcra\Desktop\NGCP\CommProtocol\Encryption\cryptopp563\cryptopp-object.dir\$(Configuration)\trdlocal.obj">
      <Filter>Object Libraries</Filter>
    </Object>
    <Object Include="C:\Users\ajcra\Desktop\NGCP\CommProtocol\Encryption\cryptopp563\cryptopp-object.dir\$(Configuration)\ttmac.obj">
      <Filter>Object Libraries</Filter>
    </Object>
    <Object Include="C:\Users\ajcra\Desktop\NGCP\CommProtocol\Encryption\cryptopp563\cryptopp-object.dir\$(Configuration)\twofish.obj">
      <Filter>Object Libraries</Filter>
    </Object>
    <Object Include="C:\Users\ajcra\Desktop\NGCP\CommProtocol\Encryption\cryptopp563\cryptopp-object.dir\$(Configuration)\vmac.obj">
      <Filter>Object Libraries</Filter>
    </Object>
    <Object Include="C:\Users\ajcra\Desktop\NGCP\CommProtocol\Encryption\cryptopp563\cryptopp-object.dir\$(Configuration)\wait.obj">
      <Filter>Object Libraries</Filter>
    </Object>
    <Object Include="C:\Users\ajcra\Desktop\NGCP\CommProtocol\Encryption\cryptopp563\cryptopp-object.dir\$(Configuration)\wake.obj">
      <Filter>Object Libraries</Filter>
    </Object>
    <Object Include="C:\Users\ajcra\Desktop\NGCP\CommProtocol\Encryption\cryptopp563\cryptopp-object.dir\$(Configuration)\whrlpool.obj">
      <Filter>Object Libraries</Filter>
    </Object>
    <Object Include="C:\Users\ajcra\Desktop\NGCP\CommProtocol\Encryption\cryptopp563\cryptopp-object.dir\$(Configuration)\xtr.obj">
      <Filter>Object Libraries</Filter>
    </Object>
    <Object Include="C:\Users\ajcra\Desktop\NGCP\CommProtocol\Encryption\cryptopp563\cryptopp-object.dir\$(Configuration)\xtrcrypt.obj">
      <Filter>Object Libraries</Filter>
    </Object>
    <Object Include="C:\Users\ajcra\Desktop\NGCP\CommProtocol\Encryption\cryptopp563\cryptopp-object.dir\$(Configuration)\zdeflate.obj">
      <Filter>Object Libraries</Filter>
    </Object>
    <Object Include="C:\Users\ajcra\Desktop\NGCP\CommProtocol\Encryption\cryptopp563\cryptopp-object.dir\$(Configuration)\zinflate.obj">
      <Filter>Object Libraries</Filter>
    </Object>
    <Object Include="C:\Users\ajcra\Desktop\NGCP\CommProtocol\Encryption\cryptopp563\cryptopp-object.dir\$(Configuration)\zlib.obj">
      <Filter>Object Libraries</Filter>
    </Object>
    <Object Include="C:\Users\ajcra\Desktop\NGCP\CommProtocol\Encryption\cryptopp563\cryptopp-object.dir\$(Configuration)\winpipes.obj">
      <Filter>Object Libraries</Filter>
    </Object>
    <Object Include="C:\Users\ajcra\Desktop\NGCP\CommProtocol\Encryption\cryptopp563\cryptopp-object.dir\$(Configuration)\rdrand.asm.obj">
      <Filter>Object Libraries</Filter>
    </Object>
  </ItemGroup>
  <ItemGroup>
    <Filter Include="Object Files">
      <UniqueIdentifier>{9AC02176-BD2A-3473-8345-7C35F2C98A3E}</UniqueIdentifier>
    </Filter>
    <Filter Include="Object Libraries">
      <UniqueIdentifier>{C2F1D5E2-8FAE-3128-B4C0-BC131ADAA0BB}</UniqueIdentifier>
    </Filter>
  </ItemGroup>
</Project>
